
Microsoft Visual Studio Solution File, Format Version 12.00
# Visual Studio Version 16
VisualStudioVersion = 16.0.32413.511
MinimumVisualStudioVersion = 10.0.40219.1
Project("{FAE04EC0-301F-11D3-BF4B-00C04F79EFBC}") = "prac3", "prac3\prac3.csproj", "{DB6452CF-EAC4-4706-8EA3-48DE58AB60A2}"
EndProject
Global
	GlobalSection(SolutionConfigurationPlatforms) = preSolution
		Debug|Any CPU = Debug|Any CPU
		Release|Any CPU = Release|Any CPU
	EndGlobalSection
	GlobalSection(ProjectConfigurationPlatforms) = postSolution
		{DB6452CF-EAC4-4706-8EA3-48DE58AB60A2}.Debug|Any CPU.ActiveCfg = Debug|Any CPU
		{DB6452CF-EAC4-4706-8EA3-48DE58AB60A2}.Debug|Any CPU.Build.0 = Debug|Any CPU
		{DB6452CF-EAC4-4706-8EA3-48DE58AB60A2}.Release|Any CPU.ActiveCfg = Release|Any CPU
		{DB6452CF-EAC4-4706-8EA3-48DE58AB60A2}.Release|Any CPU.Build.0 = Release|Any CPU
	EndGlobalSection
	GlobalSection(SolutionProperties) = preSolution
		HideSolutionNode = FALSE
	EndGlobalSection
	GlobalSection(ExtensibilityGlobals) = postSolution
		SolutionGuid = {D7F8DD12-EC8C-49E9-AE06-B4A2051C04A1}
	EndGlobalSection
EndGlobal
