
Microsoft Visual Studio Solution File, Format Version 12.00
# Visual Studio Version 16
VisualStudioVersion = 16.0.31624.102
MinimumVisualStudioVersion = 10.0.40219.1
Project("{FAE04EC0-301F-11D3-BF4B-00C04F79EFBC}") = "lab4", "lab4\lab4.csproj", "{644BD5AE-CBDA-4139-B79C-89B68633AA3D}"
EndProject
Global
	GlobalSection(SolutionConfigurationPlatforms) = preSolution
		Debug|Any CPU = Debug|Any CPU
		Release|Any CPU = Release|Any CPU
	EndGlobalSection
	GlobalSection(ProjectConfigurationPlatforms) = postSolution
		{644BD5AE-CBDA-4139-B79C-89B68633AA3D}.Debug|Any CPU.ActiveCfg = Debug|Any CPU
		{644BD5AE-CBDA-4139-B79C-89B68633AA3D}.Debug|Any CPU.Build.0 = Debug|Any CPU
		{644BD5AE-CBDA-4139-B79C-89B68633AA3D}.Release|Any CPU.ActiveCfg = Release|Any CPU
		{644BD5AE-CBDA-4139-B79C-89B68633AA3D}.Release|Any CPU.Build.0 = Release|Any CPU
	EndGlobalSection
	GlobalSection(SolutionProperties) = preSolution
		HideSolutionNode = FALSE
	EndGlobalSection
	GlobalSection(ExtensibilityGlobals) = postSolution
		SolutionGuid = {9ED9D1E6-ACD3-4507-83E0-6EDF73DF4E40}
	EndGlobalSection
EndGlobal
