
Microsoft Visual Studio Solution File, Format Version 12.00
# Visual Studio Version 16
VisualStudioVersion = 16.0.32413.511
MinimumVisualStudioVersion = 10.0.40219.1
Project("{FAE04EC0-301F-11D3-BF4B-00C04F79EFBC}") = "Kyrsova", "Kyrsova\Kyrsova.csproj", "{05D1378A-C8D7-4118-AB98-8D051ACC44DB}"
EndProject
Global
	GlobalSection(SolutionConfigurationPlatforms) = preSolution
		Debug|Any CPU = Debug|Any CPU
		Release|Any CPU = Release|Any CPU
	EndGlobalSection
	GlobalSection(ProjectConfigurationPlatforms) = postSolution
		{05D1378A-C8D7-4118-AB98-8D051ACC44DB}.Debug|Any CPU.ActiveCfg = Debug|Any CPU
		{05D1378A-C8D7-4118-AB98-8D051ACC44DB}.Debug|Any CPU.Build.0 = Debug|Any CPU
		{05D1378A-C8D7-4118-AB98-8D051ACC44DB}.Release|Any CPU.ActiveCfg = Release|Any CPU
		{05D1378A-C8D7-4118-AB98-8D051ACC44DB}.Release|Any CPU.Build.0 = Release|Any CPU
	EndGlobalSection
	GlobalSection(SolutionProperties) = preSolution
		HideSolutionNode = FALSE
	EndGlobalSection
	GlobalSection(ExtensibilityGlobals) = postSolution
		SolutionGuid = {FE63A9B7-620F-4485-9936-F543DC8E4EA9}
	EndGlobalSection
EndGlobal
